
Microsoft Visual Studio Solution File, Format Version 12.00
# Visual Studio Version 17
VisualStudioVersion = 17.8.34330.188
MinimumVisualStudioVersion = 10.0.40219.1
Project("{FAE04EC0-301F-11D3-BF4B-00C04F79EFBC}") = "BossFight", "BossFight\BossFight.csproj", "{2E760446-5714-4DC6-B6D2-8B2895041579}"
EndProject
Project("{FAE04EC0-301F-11D3-BF4B-00C04F79EFBC}") = "BossFightTest", "BossFightTest\BossFightTest.csproj", "{B03FC2FB-325D-417B-9EBD-56B6022A7176}"
EndProject
Global
	GlobalSection(SolutionConfigurationPlatforms) = preSolution
		Debug|Any CPU = Debug|Any CPU
		Release|Any CPU = Release|Any CPU
	EndGlobalSection
	GlobalSection(ProjectConfigurationPlatforms) = postSolution
		{2E760446-5714-4DC6-B6D2-8B2895041579}.Debug|Any CPU.ActiveCfg = Debug|Any CPU
		{2E760446-5714-4DC6-B6D2-8B2895041579}.Debug|Any CPU.Build.0 = Debug|Any CPU
		{2E760446-5714-4DC6-B6D2-8B2895041579}.Release|Any CPU.ActiveCfg = Release|Any CPU
		{2E760446-5714-4DC6-B6D2-8B2895041579}.Release|Any CPU.Build.0 = Release|Any CPU
		{B03FC2FB-325D-417B-9EBD-56B6022A7176}.Debug|Any CPU.ActiveCfg = Debug|Any CPU
		{B03FC2FB-325D-417B-9EBD-56B6022A7176}.Debug|Any CPU.Build.0 = Debug|Any CPU
		{B03FC2FB-325D-417B-9EBD-56B6022A7176}.Release|Any CPU.ActiveCfg = Release|Any CPU
		{B03FC2FB-325D-417B-9EBD-56B6022A7176}.Release|Any CPU.Build.0 = Release|Any CPU
	EndGlobalSection
	GlobalSection(SolutionProperties) = preSolution
		HideSolutionNode = FALSE
	EndGlobalSection
	GlobalSection(ExtensibilityGlobals) = postSolution
		SolutionGuid = {60ECA8E1-6390-4D45-90E3-26F130014B7B}
	EndGlobalSection
EndGlobal
